# lpac closure for aarch64, generated by alpine_closure.py --relock (v3.24)
# branch/repo  package  version  sha256(.apk)
v3.24/main brotli-libs 1.2.0-r1 e0e7a7892f28326a9f18e09607b1aea72baedda470bc4e3d2b11262b9ae5dda3
v3.24/main c-ares 1.34.8-r0 689603d300dc56f0b99e313506e4d7b3a3ffb87cec536324f8a306bc218afe67
v3.24/main glib 2.88.1-r1 0ae89191a79ea5d5a02515e41f29b62e5e0a0a80fb059804bbbacac2d77cce4e
v3.24/main libblkid 2.42.3-r1 9d0f24976c575c53c12526b6e078edf34c980c153bc8e5f1c1053cbece5b8cfa
v3.24/main libcrypto3 3.5.8-r0 35b892813c23664a3592e4fc8c12a03538a22c579057655361c7043305272a9a
v3.24/main libcurl 8.22.0-r0 cbec830a63888be570c06d20d87c85649aff1db38c3b4dcc17884b14471e39e3
v3.24/main libeconf 0.8.3-r0 cf0899d49ded0a6891e3cdf1b37887f2ecd77293afe1d8f3cb8937763c83f183
v3.24/main libffi 3.5.2-r1 9a67280b0c7c62db658c2d4d32ed1199903bef859c32dd4245e1a7e35c89ab4b
v3.24/main libidn2 2.3.8-r0 d02ffda4510652f89c5fb89cd2e7ff721afb0c74e7d75476ad60bebe7ac0ae20
v3.24/main libintl 1.0-r0 d106a13e3e68103d3a8217406aae6186289baf352d0f3d10fc21938d2dd8adb1
v3.24/community libmbim 1.34.0-r1 c4b5440a15deea196c958a9dad27cca7751ed4022cefdcbad9aab671c4f38b03
v3.24/main libmount 2.42.3-r1 a2a6fc6aab7a59c70ec060f5fb8c950be42d1a017934bf32e5dd6984eaab15cc
v3.24/main libpsl 0.21.5-r3 b31e91371425d5f80c1db5cba2a849956b65c802add0b49de844b2ca961aa8da
v3.24/community libqmi 1.38.0_git20260414-r0 35109c2fa528aefab054682a4f01dcb59dedec7cfc9d3a25ec060e1918755033
v3.24/community libqrtr-glib 1.4.0-r0 2aca90581aea5ea3fa0ccdb56c1c0b65844799398ceb218e1f65d2ec3b3b3243
v3.24/main libssl3 3.5.8-r0 d6ec970cc10e01539e41626f720c4e0ac69016eaa2079a10ef776ffd3243db5b
v3.24/main libunistring 1.4.2-r0 58abfcbce2459071c505771a572a79953d6043d72b643ed0d5285ca39cdaf85c
v3.24/community lpac 2.3.0-r0 10e7a108b38452214b01ceb1583ccaccd9aad3c76fb879b549a5a45d1450e10b
v3.24/main nghttp2-libs 1.69.0-r0 10ec950fca526db87bbdc0702ba623fca6639df15abb48229f548d6812563b33
v3.24/main pcre2 10.48-r0 0e8a425ec23fca1b549e83758b385e7186a070597e8dc014163462f960079167
v3.24/main pcsc-lite-libs 2.4.0-r4 c83dc3ba5a15ae9e3bfe3f50d6322ffab7949863376f5d88ae6773a6884ec8df
v3.24/main zlib 1.3.2-r0 a535991af7c9e8369ebbf33c1e388c1bc63c87ead5142eddaee71f65836c33e3
v3.24/main zstd-libs 1.5.7-r2 2bb5136c89f5b0bbe1554c8915a3b520d5aa63ae2a51d4d821eb81698db5a818
